PODS:
  - SwiftyFORM (1.8.0)

DEPENDENCIES:
  - SwiftyFORM (from `https://github.com/neoneye/SwiftyFORM.git`, commit `c2b9071acc952910629bd9a471c50f41ae5ad6a3`)

EXTERNAL SOURCES:
  SwiftyFORM:
    :commit: c2b9071acc952910629bd9a471c50f41ae5ad6a3
    :git: https://github.com/neoneye/SwiftyFORM.git

CHECKOUT OPTIONS:
  SwiftyFORM:
    :commit: c2b9071acc952910629bd9a471c50f41ae5ad6a3
    :git: https://github.com/neoneye/SwiftyFORM.git

SPEC CHECKSUMS:
  SwiftyFORM: 44a1222990bfdae22fc7506baa11d75610727746

PODFILE CHECKSUM: 0aefda62ba0cfbcd7f0dbd50da6e20c592379411

COCOAPODS: 1.8.3
