// !$*UTF8*$!
{
	archiveVersion = 1;
	classes = {
	};
	objectVersion = 51;
	objects = {

/* Begin PBXBuildFile section */
		0665989921F19D4D82634141 /* Pods_SwiftyFORM_Demo.framework in Frameworks */ = {isa = PBXBuildFile; fileRef = E511F5506C754FDDF800F32A /* Pods_SwiftyFORM_Demo.framework */; };
		429173792354E0C700F0157C /* AppDelegate.swift in Sources */ = {isa = PBXBuildFile; fileRef = 429173782354E0C700F0157C /* AppDelegate.swift */; };
		4291737B2354E0C700F0157C /* SceneDelegate.swift in Sources */ = {isa = PBXBuildFile; fileRef = 4291737A2354E0C700F0157C /* SceneDelegate.swift */; };
		4291737D2354E0C700F0157C /* MyViewController.swift in Sources */ = {isa = PBXBuildFile; fileRef = 4291737C2354E0C700F0157C /* MyViewController.swift */; };
		429173802354E0C700F0157C /* Main.storyboard in Resources */ = {isa = PBXBuildFile; fileRef = 4291737E2354E0C700F0157C /* Main.storyboard */; };
		429173822354E0C900F0157C /* Assets.xcassets in Resources */ = {isa = PBXBuildFile; fileRef = 429173812354E0C900F0157C /* Assets.xcassets */; };
		429173852354E0C900F0157C /* LaunchScreen.storyboard in Resources */ = {isa = PBXBuildFile; fileRef = 429173832354E0C900F0157C /* LaunchScreen.storyboard */; };
/* End PBXBuildFile section */

/* Begin PBXFileReference section */
		3D63CEC34A1E3512171C7FED /* Pods-SwiftyFORM-Demo.debug.xcconfig */ = {isa = PBXFileReference; includeInIndex = 1; lastKnownFileType = text.xcconfig; name = "Pods-SwiftyFORM-Demo.debug.xcconfig"; path = "Target Support Files/Pods-SwiftyFORM-Demo/Pods-SwiftyFORM-Demo.debug.xcconfig"; sourceTree = "<group>"; };
		429173752354E0C700F0157C /* SwiftyFORM-Demo.app */ = {isa = PBXFileReference; explicitFileType = wrapper.application; includeInIndex = 0; path = "SwiftyFORM-Demo.app"; sourceTree = BUILT_PRODUCTS_DIR; };
		429173782354E0C700F0157C /* AppDelegate.swift */ = {isa = PBXFileReference; lastKnownFileType = sourcecode.swift; path = AppDelegate.swift; sourceTree = "<group>"; };
		4291737A2354E0C700F0157C /* SceneDelegate.swift */ = {isa = PBXFileReference; lastKnownFileType = sourcecode.swift; path = SceneDelegate.swift; sourceTree = "<group>"; };
		4291737C2354E0C700F0157C /* MyViewController.swift */ = {isa = PBXFileReference; lastKnownFileType = sourcecode.swift; path = MyViewController.swift; sourceTree = "<group>"; };
		4291737F2354E0C700F0157C /* Base */ = {isa = PBXFileReference; lastKnownFileType = file.storyboard; name = Base; path = Base.lproj/Main.storyboard; sourceTree = "<group>"; };
		429173812354E0C900F0157C /* Assets.xcassets */ = {isa = PBXFileReference; lastKnownFileType = folder.assetcatalog; path = Assets.xcassets; sourceTree = "<group>"; };
		429173842354E0C900F0157C /* Base */ = {isa = PBXFileReference; lastKnownFileType = file.storyboard; name = Base; path = Base.lproj/LaunchScreen.storyboard; sourceTree = "<group>"; };
		429173862354E0C900F0157C /* Info.plist */ = {isa = PBXFileReference; lastKnownFileType = text.plist.xml; path = Info.plist; sourceTree = "<group>"; };
		5E111FF563A33E87CE5529B2 /* Pods-SwiftyFORM-Demo.release.xcconfig */ = {isa = PBXFileReference; includeInIndex = 1; lastKnownFileType = text.xcconfig; name = "Pods-SwiftyFORM-Demo.release.xcconfig"; path = "Target Support Files/Pods-SwiftyFORM-Demo/Pods-SwiftyFORM-Demo.release.xcconfig"; sourceTree = "<group>"; };
		E511F5506C754FDDF800F32A /* Pods_SwiftyFORM_Demo.framework */ = {isa = PBXFileReference; explicitFileType = wrapper.framework; includeInIndex = 0; path = Pods_SwiftyFORM_Demo.framework; sourceTree = BUILT_PRODUCTS_DIR; };
/* End PBXFileReference section */

/* Begin PBXFrameworksBuildPhase section */
		429173722354E0C700F0157C /* Frameworks */ = {
			isa = PBXFrameworksBuildPhase;
			buildActionMask = 2147483647;
			files = (
				0665989921F19D4D82634141 /* Pods_SwiftyFORM_Demo.framework in Frameworks */,
			);
			runOnlyForDeploymentPostprocessing = 0;
		};
/* End PBXFrameworksBuildPhase section */

/* Begin PBXGroup section */
		4291736C2354E0C700F0157C = {
			isa = PBXGroup;
			children = (
				429173772354E0C700F0157C /* SwiftyFORM-Demo */,
				429173762354E0C700F0157C /* Products */,
				FE27BF0BA03E6BE5EE52BC02 /* Pods */,
				A6D0353E1E99D1FE1DBC46F1 /* Frameworks */,
			);
			sourceTree = "<group>";
		};
		429173762354E0C700F0157C /* Products */ = {
			isa = PBXGroup;
			children = (
				429173752354E0C700F0157C /* SwiftyFORM-Demo.app */,
			);
			name = Products;
			sourceTree = "<group>";
		};
		429173772354E0C700F0157C /* SwiftyFORM-Demo */ = {
			isa = PBXGroup;
			children = (
				429173782354E0C700F0157C /* AppDelegate.swift */,
				4291737A2354E0C700F0157C /* SceneDelegate.swift */,
				4291737C2354E0C700F0157C /* MyViewController.swift */,
				4291737E2354E0C700F0157C /* Main.storyboard */,
				429173812354E0C900F0157C /* Assets.xcassets */,
				429173832354E0C900F0157C /* LaunchScreen.storyboard */,
				429173862354E0C900F0157C /* Info.plist */,
			);
			path = "SwiftyFORM-Demo";
			sourceTree = "<group>";
		};
		A6D0353E1E99D1FE1DBC46F1 /* Frameworks */ = {
			isa = PBXGroup;
			children = (
				E511F5506C754FDDF800F32A /* Pods_SwiftyFORM_Demo.framework */,
			);
			name = Frameworks;
			sourceTree = "<group>";
		};
		FE27BF0BA03E6BE5EE52BC02 /* Pods */ = {
			isa = PBXGroup;
			children = (
				3D63CEC34A1E3512171C7FED /* Pods-SwiftyFORM-Demo.debug.xcconfig */,
				5E111FF563A33E87CE5529B2 /* Pods-SwiftyFORM-Demo.release.xcconfig */,
			);
			path = Pods;
			sourceTree = "<group>";
		};
/* End PBXGroup section */

/* Begin PBXNativeTarget section */
		429173742354E0C700F0157C /* SwiftyFORM-Demo */ = {
			isa = PBXNativeTarget;
			buildConfigurationList = 429173892354E0C900F0157C /* Build configuration list for PBXNativeTarget "SwiftyFORM-Demo" */;
			buildPhases = (
				7A1D93BFD03E48978F873EAA /* [CP] Check Pods Manifest.lock */,
				429173712354E0C700F0157C /* Sources */,
				429173722354E0C700F0157C /* Frameworks */,
				429173732354E0C700F0157C /* Resources */,
				57F156F45EE6C1CF703650C2 /* [CP] Embed Pods Frameworks */,
			);
			buildRules = (
			);
			dependencies = (
			);
			name = "SwiftyFORM-Demo";
			productName = "SwiftyFORM-Demo";
			productReference = 429173752354E0C700F0157C /* SwiftyFORM-Demo.app */;
			productType = "com.apple.product-type.application";
		};
/* End PBXNativeTarget section */

/* Begin PBXProject section */
		4291736D2354E0C700F0157C /* Project object */ = {
			isa = PBXProject;
			attributes = {
				LastSwiftUpdateCheck = 1110;
				LastUpgradeCheck = 1110;
				ORGANIZATIONNAME = "Simon Strandgaard";
				TargetAttributes = {
					429173742354E0C700F0157C = {
						CreatedOnToolsVersion = 11.1;
					};
				};
			};
			buildConfigurationList = 429173702354E0C700F0157C /* Build configuration list for PBXProject "SwiftyFORM-Demo" */;
			compatibilityVersion = "Xcode 9.3";
			developmentRegion = en;
			hasScannedForEncodings = 0;
			knownRegions = (
				en,
				Base,
			);
			mainGroup = 4291736C2354E0C700F0157C;
			productRefGroup = 429173762354E0C700F0157C /* Products */;
			projectDirPath = "";
			projectRoot = "";
			targets = (
				429173742354E0C700F0157C /* SwiftyFORM-Demo */,
			);
		};
/* End PBXProject section */

/* Begin PBXResourcesBuildPhase section */
		429173732354E0C700F0157C /* Resources */ = {
			isa = PBXResourcesBuildPhase;
			buildActionMask = 2147483647;
			files = (
				429173852354E0C900F0157C /* LaunchScreen.storyboard in Resources */,
				429173822354E0C900F0157C /* Assets.xcassets in Resources */,
				429173802354E0C700F0157C /* Main.storyboard in Resources */,
			);
			runOnlyForDeploymentPostprocessing = 0;
		};
/* End PBXResourcesBuildPhase section */

/* Begin PBXShellScriptBuildPhase section */
		57F156F45EE6C1CF703650C2 /* [CP] Embed Pods Frameworks */ = {
			isa = PBXShellScriptBuildPhase;
			buildActionMask = 2147483647;
			files = (
			);
			inputFileListPaths = (
				"${PODS_ROOT}/Target Support Files/Pods-SwiftyFORM-Demo/Pods-SwiftyFORM-Demo-frameworks-${CONFIGURATION}-input-files.xcfilelist",
			);
			name = "[CP] Embed Pods Frameworks";
			outputFileListPaths = (
				"${PODS_ROOT}/Target Support Files/Pods-SwiftyFORM-Demo/Pods-SwiftyFORM-Demo-frameworks-${CONFIGURATION}-output-files.xcfilelist",
			);
			runOnlyForDeploymentPostprocessing = 0;
			shellPath = /bin/sh;
			shellScript = "\"${PODS_ROOT}/Target Support Files/Pods-SwiftyFORM-Demo/Pods-SwiftyFORM-Demo-frameworks.sh\"\n";
			showEnvVarsInLog = 0;
		};
		7A1D93BFD03E48978F873EAA /* [CP] Check Pods Manifest.lock */ = {
			isa = PBXShellScriptBuildPhase;
			buildActionMask = 2147483647;
			files = (
			);
			inputFileListPaths = (
			);
			inputPaths = (
				"${PODS_PODFILE_DIR_PATH}/Podfile.lock",
				"${PODS_ROOT}/Manifest.lock",
			);
			name = "[CP] Check Pods Manifest.lock";
			outputFileListPaths = (
			);
			outputPaths = (
				"$(DERIVED_FILE_DIR)/Pods-SwiftyFORM-Demo-checkManifestLockResult.txt",
			);
			runOnlyForDeploymentPostprocessing = 0;
			shellPath = /bin/sh;
			shellScript = "diff \"${PODS_PODFILE_DIR_PATH}/Podfile.lock\" \"${PODS_ROOT}/Manifest.lock\" > /dev/null\nif [ $? != 0 ] ; then\n    # print error to STDERR\n    echo \"error: The sandbox is not in sync with the Podfile.lock. Run 'pod install' or update your CocoaPods installation.\" >&2\n    exit 1\nfi\n# This output is used by Xcode 'outputs' to avoid re-running this script phase.\necho \"SUCCESS\" > \"${SCRIPT_OUTPUT_FILE_0}\"\n";
			showEnvVarsInLog = 0;
		};
/* End PBXShellScriptBuildPhase section */

/* Begin PBXSourcesBuildPhase section */
		429173712354E0C700F0157C /* Sources */ = {
			isa = PBXSourcesBuildPhase;
			buildActionMask = 2147483647;
			files = (
				4291737D2354E0C700F0157C /* MyViewController.swift in Sources */,
				429173792354E0C700F0157C /* AppDelegate.swift in Sources */,
				4291737B2354E0C700F0157C /* SceneDelegate.swift in Sources */,
			);
			runOnlyForDeploymentPostprocessing = 0;
		};
/* End PBXSourcesBuildPhase section */

/* Begin PBXVariantGroup section */
		4291737E2354E0C700F0157C /* Main.storyboard */ = {
			isa = PBXVariantGroup;
			children = (
				4291737F2354E0C700F0157C /* Base */,
			);
			name = Main.storyboard;
			sourceTree = "<group>";
		};
		429173832354E0C900F0157C /* LaunchScreen.storyboard */ = {
			isa = PBXVariantGroup;
			children = (
				429173842354E0C900F0157C /* Base */,
			);
			name = LaunchScreen.storyboard;
			sourceTree = "<group>";
		};
/* End PBXVariantGroup section */

/* Begin XCBuildConfiguration section */
		429173872354E0C900F0157C /* Debug */ = {
			isa = XCBuildConfiguration;
			buildSettings = {
				ALWAYS_SEARCH_USER_PATHS = NO;
				CLANG_ANALYZER_NONNULL = YES;
				CLANG_ANALYZER_NUMBER_OBJECT_CONVERSION = YES_AGGRESSIVE;
				CLANG_CXX_LANGUAGE_STANDARD = "gnu++14";
				CLANG_CXX_LIBRARY = "libc++";
				CLANG_ENABLE_MODULES = YES;
				CLANG_ENABLE_OBJC_ARC = YES;
				CLANG_ENABLE_OBJC_WEAK = YES;
				CLANG_WARN_BLOCK_CAPTURE_AUTORELEASING = YES;
				CLANG_WARN_BOOL_CONVERSION = YES;
				CLANG_WARN_COMMA = YES;
				CLANG_WARN_CONSTANT_CONVERSION = YES;
				CLANG_WARN_DEPRECATED_OBJC_IMPLEMENTATIONS = YES;
				CLANG_WARN_DIRECT_OBJC_ISA_USAGE = YES_ERROR;
				CLANG_WARN_DOCUMENTATION_COMMENTS = YES;
				CLANG_WARN_EMPTY_BODY = YES;
				CLANG_WARN_ENUM_CONVERSION = YES;
				CLANG_WARN_INFINITE_RECURSION = YES;
				CLANG_WARN_INT_CONVERSION = YES;
				CLANG_WARN_NON_LITERAL_NULL_CONVERSION = YES;
				CLANG_WARN_OBJC_IMPLICIT_RETAIN_SELF = YES;
				CLANG_WARN_OBJC_LITERAL_CONVERSION = YES;
				CLANG_WARN_OBJC_ROOT_CLASS = YES_ERROR;
				CLANG_WARN_RANGE_LOOP_ANALYSIS = YES;
				CLANG_WARN_STRICT_PROTOTYPES = YES;
				CLANG_WARN_SUSPICIOUS_MOVE = YES;
				CLANG_WARN_UNGUARDED_AVAILABILITY = YES_AGGRESSIVE;
				CLANG_WARN_UNREACHABLE_CODE = YES;
				CLANG_WARN__DUPLICATE_METHOD_MATCH = YES;
				COPY_PHASE_STRIP = NO;
				DEBUG_INFORMATION_FORMAT = dwarf;
				ENABLE_STRICT_OBJC_MSGSEND = YES;
				ENABLE_TESTABILITY = YES;
				GCC_C_LANGUAGE_STANDARD = gnu11;
				GCC_DYNAMIC_NO_PIC = NO;
				GCC_NO_COMMON_BLOCKS = YES;
				GCC_OPTIMIZATION_LEVEL = 0;
				GCC_PREPROCESSOR_DEFINITIONS = (
					"DEBUG=1",
					"$(inherited)",
				);
				GCC_WARN_64_TO_32_BIT_CONVERSION = YES;
				GCC_WARN_ABOUT_RETURN_TYPE = YES_ERROR;
				GCC_WARN_UNDECLARED_SELECTOR = YES;
				GCC_WARN_UNINITIALIZED_AUTOS = YES_AGGRESSIVE;
				GCC_WARN_UNUSED_FUNCTION = YES;
				GCC_WARN_UNUSED_VARIABLE = YES;
				IPHONEOS_DEPLOYMENT_TARGET = 13.1;
				MTL_ENABLE_DEBUG_INFO = INCLUDE_SOURCE;
				MTL_FAST_MATH = YES;
				ONLY_ACTIVE_ARCH = YES;
				SDKROOT = iphoneos;
				SWIFT_ACTIVE_COMPILATION_CONDITIONS = DEBUG;
				SWIFT_OPTIMIZATION_LEVEL = "-Onone";
			};
			name = Debug;
		};
		429173882354E0C900F0157C /* Release */ = {
			isa = XCBuildConfiguration;
			buildSettings = {
				ALWAYS_SEARCH_USER_PATHS = NO;
				CLANG_ANALYZER_NONNULL = YES;
				CLANG_ANALYZER_NUMBER_OBJECT_CONVERSION = YES_AGGRESSIVE;
				CLANG_CXX_LANGUAGE_STANDARD = "gnu++14";
				CLANG_CXX_LIBRARY = "libc++";
				CLANG_ENABLE_MODULES = YES;
				CLANG_ENABLE_OBJC_ARC = YES;
				CLANG_ENABLE_OBJC_WEAK = YES;
				CLANG_WARN_BLOCK_CAPTURE_AUTORELEASING = YES;
				CLANG_WARN_BOOL_CONVERSION = YES;
				CLANG_WARN_COMMA = YES;
				CLANG_WARN_CONSTANT_CONVERSION = YES;
				CLANG_WARN_DEPRECATED_OBJC_IMPLEMENTATIONS = YES;
				CLANG_WARN_DIRECT_OBJC_ISA_USAGE = YES_ERROR;
				CLANG_WARN_DOCUMENTATION_COMMENTS = YES;
				CLANG_WARN_EMPTY_BODY = YES;
				CLANG_WARN_ENUM_CONVERSION = YES;
				CLANG_WARN_INFINITE_RECURSION = YES;
				CLANG_WARN_INT_CONVERSION = YES;
				CLANG_WARN_NON_LITERAL_NULL_CONVERSION = YES;
				CLANG_WARN_OBJC_IMPLICIT_RETAIN_SELF = YES;
				CLANG_WARN_OBJC_LITERAL_CONVERSION = YES;
				CLANG_WARN_OBJC_ROOT_CLASS = YES_ERROR;
				CLANG_WARN_RANGE_LOOP_ANALYSIS = YES;
				CLANG_WARN_STRICT_PROTOTYPES = YES;
				CLANG_WARN_SUSPICIOUS_MOVE = YES;
				CLANG_WARN_UNGUARDED_AVAILABILITY = YES_AGGRESSIVE;
				CLANG_WARN_UNREACHABLE_CODE = YES;
				CLANG_WARN__DUPLICATE_METHOD_MATCH = YES;
				COPY_PHASE_STRIP = NO;
				DEBUG_INFORMATION_FORMAT = "dwarf-with-dsym";
				ENABLE_NS_ASSERTIONS = NO;
				ENABLE_STRICT_OBJC_MSGSEND = YES;
				GCC_C_LANGUAGE_STANDARD = gnu11;
				GCC_NO_COMMON_BLOCKS = YES;
				GCC_WARN_64_TO_32_BIT_CONVERSION = YES;
				GCC_WARN_ABOUT_RETURN_TYPE = YES_ERROR;
				GCC_WARN_UNDECLARED_SELECTOR = YES;
				GCC_WARN_UNINITIALIZED_AUTOS = YES_AGGRESSIVE;
				GCC_WARN_UNUSED_FUNCTION = YES;
				GCC_WARN_UNUSED_VARIABLE = YES;
				IPHONEOS_DEPLOYMENT_TARGET = 13.1;
				MTL_ENABLE_DEBUG_INFO = NO;
				MTL_FAST_MATH = YES;
				SDKROOT = iphoneos;
				SWIFT_COMPILATION_MODE = wholemodule;
				SWIFT_OPTIMIZATION_LEVEL = "-O";
				VALIDATE_PRODUCT = YES;
			};
			name = Release;
		};
		4291738A2354E0C900F0157C /* Debug */ = {
			isa = XCBuildConfiguration;
			baseConfigurationReference = 3D63CEC34A1E3512171C7FED /* Pods-SwiftyFORM-Demo.debug.xcconfig */;
			buildSettings = {
				ASSETCATALOG_COMPILER_APPICON_NAME = AppIcon;
				CODE_SIGN_STYLE = Automatic;
				DEVELOPMENT_TEAM = 22DR89XVRF;
				INFOPLIST_FILE = "SwiftyFORM-Demo/Info.plist";
				LD_RUNPATH_SEARCH_PATHS = (
					"$(inherited)",
					"@executable_path/Frameworks",
				);
				PRODUCT_BUNDLE_IDENTIFIER = "neoneye.SwiftyFORM-Demo";
				PRODUCT_NAME = "$(TARGET_NAME)";
				SWIFT_VERSION = 5.0;
				TARGETED_DEVICE_FAMILY = "1,2";
			};
			name = Debug;
		};
		4291738B2354E0C900F0157C /* Release */ = {
			isa = XCBuildConfiguration;
			baseConfigurationReference = 5E111FF563A33E87CE5529B2 /* Pods-SwiftyFORM-Demo.release.xcconfig */;
			buildSettings = {
				ASSETCATALOG_COMPILER_APPICON_NAME = AppIcon;
				CODE_SIGN_STYLE = Automatic;
				DEVELOPMENT_TEAM = 22DR89XVRF;
				INFOPLIST_FILE = "SwiftyFORM-Demo/Info.plist";
				LD_RUNPATH_SEARCH_PATHS = (
					"$(inherited)",
					"@executable_path/Frameworks",
				);
				PRODUCT_BUNDLE_IDENTIFIER = "neoneye.SwiftyFORM-Demo";
				PRODUCT_NAME = "$(TARGET_NAME)";
				SWIFT_VERSION = 5.0;
				TARGETED_DEVICE_FAMILY = "1,2";
			};
			name = Release;
		};
/* End XCBuildConfiguration section */

/* Begin XCConfigurationList section */
		429173702354E0C700F0157C /* Build configuration list for PBXProject "SwiftyFORM-Demo" */ = {
			isa = XCConfigurationList;
			buildConfigurations = (
				429173872354E0C900F0157C /* Debug */,
				429173882354E0C900F0157C /* Release */,
			);
			defaultConfigurationIsVisible = 0;
			defaultConfigurationName = Release;
		};
		429173892354E0C900F0157C /* Build configuration list for PBXNativeTarget "SwiftyFORM-Demo" */ = {
			isa = XCConfigurationList;
			buildConfigurations = (
				4291738A2354E0C900F0157C /* Debug */,
				4291738B2354E0C900F0157C /* Release */,
			);
			defaultConfigurationIsVisible = 0;
			defaultConfigurationName = Release;
		};
/* End XCConfigurationList section */
	};
	rootObject = 4291736D2354E0C700F0157C /* Project object */;
}
